
Microsoft Visual Studio Solution File, Format Version 12.00
# Visual Studio Version 16
VisualStudioVersion = 16.0.29123.88
MinimumVisualStudioVersion = 10.0.40219.1
Project("{FAE04EC0-301F-11D3-BF4B-00C04F79EFBC}") = "IdentityStore", "IdentityStore\IdentityStore.csproj", "{19E030A4-5BA6-457E-9FC6-B97E4897D7C3}"
EndProject
Project("{FAE04EC0-301F-11D3-BF4B-00C04F79EFBC}") = "Store.BLL", "Store.BLL\Store.BLL.csproj", "{73BDDE7B-AC88-47EB-9486-238EF53A4C6E}"
EndProject
Project("{FAE04EC0-301F-11D3-BF4B-00C04F79EFBC}") = "Store.DAL", "Store.DAL\Store.DAL.csproj", "{BDE730BC-9E9C-45D6-BACC-469FD85D28F3}"
EndProject
Global
	GlobalSection(SolutionConfigurationPlatforms) = preSolution
		Debug|Any CPU = Debug|Any CPU
		Release|Any CPU = Release|Any CPU
	EndGlobalSection
	GlobalSection(ProjectConfigurationPlatforms) = postSolution
		{19E030A4-5BA6-457E-9FC6-B97E4897D7C3}.Debug|Any CPU.ActiveCfg = Debug|Any CPU
		{19E030A4-5BA6-457E-9FC6-B97E4897D7C3}.Debug|Any CPU.Build.0 = Debug|Any CPU
		{19E030A4-5BA6-457E-9FC6-B97E4897D7C3}.Release|Any CPU.ActiveCfg = Release|Any CPU
		{19E030A4-5BA6-457E-9FC6-B97E4897D7C3}.Release|Any CPU.Build.0 = Release|Any CPU
		{73BDDE7B-AC88-47EB-9486-238EF53A4C6E}.Debug|Any CPU.ActiveCfg = Debug|Any CPU
		{73BDDE7B-AC88-47EB-9486-238EF53A4C6E}.Debug|Any CPU.Build.0 = Debug|Any CPU
		{73BDDE7B-AC88-47EB-9486-238EF53A4C6E}.Release|Any CPU.ActiveCfg = Release|Any CPU
		{73BDDE7B-AC88-47EB-9486-238EF53A4C6E}.Release|Any CPU.Build.0 = Release|Any CPU
		{BDE730BC-9E9C-45D6-BACC-469FD85D28F3}.Debug|Any CPU.ActiveCfg = Debug|Any CPU
		{BDE730BC-9E9C-45D6-BACC-469FD85D28F3}.Debug|Any CPU.Build.0 = Debug|Any CPU
		{BDE730BC-9E9C-45D6-BACC-469FD85D28F3}.Release|Any CPU.ActiveCfg = Release|Any CPU
		{BDE730BC-9E9C-45D6-BACC-469FD85D28F3}.Release|Any CPU.Build.0 = Release|Any CPU
	EndGlobalSection
	GlobalSection(SolutionProperties) = preSolution
		HideSolutionNode = FALSE
	EndGlobalSection
	GlobalSection(ExtensibilityGlobals) = postSolution
		SolutionGuid = {A0C6637F-B918-49E0-AD64-E404FD062BC1}
	EndGlobalSection
EndGlobal
